
Microsoft Visual Studio Solution File, Format Version 12.00
# Visual Studio Version 16
VisualStudioVersion = 16.0.29613.14
MinimumVisualStudioVersion = 10.0.40219.1
Project("{FAE04EC0-301F-11D3-BF4B-00C04F79EFBC}") = "Practical1", "Practical1\Practical1.csproj", "{05A8FD19-6146-497A-9ED7-2BEBE3A49461}"
EndProject
Project("{FAE04EC0-301F-11D3-BF4B-00C04F79EFBC}") = "Practical2", "Practical2\Practical2.csproj", "{AA9FFD7A-A373-4515-87A1-F433EED1149E}"
EndProject
Project("{FAE04EC0-301F-11D3-BF4B-00C04F79EFBC}") = "Practical3", "Practical3\Practical3.csproj", "{A6045F58-646C-4BE0-A67E-5B073E5E2E79}"
EndProject
Project("{FAE04EC0-301F-11D3-BF4B-00C04F79EFBC}") = "Practical4", "Practical4\Practical4.csproj", "{1AF0BE9B-B063-47F0-B294-97CC5B3504C5}"
EndProject
Project("{FAE04EC0-301F-11D3-BF4B-00C04F79EFBC}") = "Practical5_6", "Practical5_6\Practical5_6.csproj", "{39B6D945-7356-4421-9ECC-CA71A2978349}"
EndProject
Project("{FAE04EC0-301F-11D3-BF4B-00C04F79EFBC}") = "Practical7", "Practical7\Practical7.csproj", "{D2337B2C-D3B7-4AB4-9031-37ADD2A665EC}"
EndProject
Project("{FAE04EC0-301F-11D3-BF4B-00C04F79EFBC}") = "Practical8", "Practical8\Practical8.csproj", "{43308D62-340C-4557-BCD8-C40C33F915B0}"
EndProject
Project("{FAE04EC0-301F-11D3-BF4B-00C04F79EFBC}") = "Practical9", "Practical9\Practical9.csproj", "{BDD3F193-EDF1-49FE-84B3-CAB17D40B243}"
EndProject
Project("{FAE04EC0-301F-11D3-BF4B-00C04F79EFBC}") = "Practical10", "Practical10\Practical10.csproj", "{4504ED3D-BAAD-48AB-8EC8-F7513668D583}"
EndProject
Global
	GlobalSection(SolutionConfigurationPlatforms) = preSolution
		Debug|Any CPU = Debug|Any CPU
		Release|Any CPU = Release|Any CPU
	EndGlobalSection
	GlobalSection(ProjectConfigurationPlatforms) = postSolution
		{05A8FD19-6146-497A-9ED7-2BEBE3A49461}.Debug|Any CPU.ActiveCfg = Debug|Any CPU
		{05A8FD19-6146-497A-9ED7-2BEBE3A49461}.Debug|Any CPU.Build.0 = Debug|Any CPU
		{05A8FD19-6146-497A-9ED7-2BEBE3A49461}.Release|Any CPU.ActiveCfg = Release|Any CPU
		{05A8FD19-6146-497A-9ED7-2BEBE3A49461}.Release|Any CPU.Build.0 = Release|Any CPU
		{AA9FFD7A-A373-4515-87A1-F433EED1149E}.Debug|Any CPU.ActiveCfg = Debug|Any CPU
		{AA9FFD7A-A373-4515-87A1-F433EED1149E}.Debug|Any CPU.Build.0 = Debug|Any CPU
		{AA9FFD7A-A373-4515-87A1-F433EED1149E}.Release|Any CPU.ActiveCfg = Release|Any CPU
		{AA9FFD7A-A373-4515-87A1-F433EED1149E}.Release|Any CPU.Build.0 = Release|Any CPU
		{A6045F58-646C-4BE0-A67E-5B073E5E2E79}.Debug|Any CPU.ActiveCfg = Debug|Any CPU
		{A6045F58-646C-4BE0-A67E-5B073E5E2E79}.Debug|Any CPU.Build.0 = Debug|Any CPU
		{A6045F58-646C-4BE0-A67E-5B073E5E2E79}.Release|Any CPU.ActiveCfg = Release|Any CPU
		{A6045F58-646C-4BE0-A67E-5B073E5E2E79}.Release|Any CPU.Build.0 = Release|Any CPU
		{1AF0BE9B-B063-47F0-B294-97CC5B3504C5}.Debug|Any CPU.ActiveCfg = Debug|Any CPU
		{1AF0BE9B-B063-47F0-B294-97CC5B3504C5}.Debug|Any CPU.Build.0 = Debug|Any CPU
		{1AF0BE9B-B063-47F0-B294-97CC5B3504C5}.Release|Any CPU.ActiveCfg = Release|Any CPU
		{1AF0BE9B-B063-47F0-B294-97CC5B3504C5}.Release|Any CPU.Build.0 = Release|Any CPU
		{39B6D945-7356-4421-9ECC-CA71A2978349}.Debug|Any CPU.ActiveCfg = Debug|Any CPU
		{39B6D945-7356-4421-9ECC-CA71A2978349}.Debug|Any CPU.Build.0 = Debug|Any CPU
		{39B6D945-7356-4421-9ECC-CA71A2978349}.Release|Any CPU.ActiveCfg = Release|Any CPU
		{39B6D945-7356-4421-9ECC-CA71A2978349}.Release|Any CPU.Build.0 = Release|Any CPU
		{D2337B2C-D3B7-4AB4-9031-37ADD2A665EC}.Debug|Any CPU.ActiveCfg = Debug|Any CPU
		{D2337B2C-D3B7-4AB4-9031-37ADD2A665EC}.Debug|Any CPU.Build.0 = Debug|Any CPU
		{D2337B2C-D3B7-4AB4-9031-37ADD2A665EC}.Release|Any CPU.ActiveCfg = Release|Any CPU
		{D2337B2C-D3B7-4AB4-9031-37ADD2A665EC}.Release|Any CPU.Build.0 = Release|Any CPU
		{43308D62-340C-4557-BCD8-C40C33F915B0}.Debug|Any CPU.ActiveCfg = Debug|Any CPU
		{43308D62-340C-4557-BCD8-C40C33F915B0}.Debug|Any CPU.Build.0 = Debug|Any CPU
		{43308D62-340C-4557-BCD8-C40C33F915B0}.Release|Any CPU.ActiveCfg = Release|Any CPU
		{43308D62-340C-4557-BCD8-C40C33F915B0}.Release|Any CPU.Build.0 = Release|Any CPU
		{BDD3F193-EDF1-49FE-84B3-CAB17D40B243}.Debug|Any CPU.ActiveCfg = Debug|Any CPU
		{BDD3F193-EDF1-49FE-84B3-CAB17D40B243}.Debug|Any CPU.Build.0 = Debug|Any CPU
		{BDD3F193-EDF1-49FE-84B3-CAB17D40B243}.Release|Any CPU.ActiveCfg = Release|Any CPU
		{BDD3F193-EDF1-49FE-84B3-CAB17D40B243}.Release|Any CPU.Build.0 = Release|Any CPU
		{4504ED3D-BAAD-48AB-8EC8-F7513668D583}.Debug|Any CPU.ActiveCfg = Debug|Any CPU
		{4504ED3D-BAAD-48AB-8EC8-F7513668D583}.Debug|Any CPU.Build.0 = Debug|Any CPU
		{4504ED3D-BAAD-48AB-8EC8-F7513668D583}.Release|Any CPU.ActiveCfg = Release|Any CPU
		{4504ED3D-BAAD-48AB-8EC8-F7513668D583}.Release|Any CPU.Build.0 = Release|Any CPU
	EndGlobalSection
	GlobalSection(SolutionProperties) = preSolution
		HideSolutionNode = FALSE
	EndGlobalSection
	GlobalSection(ExtensibilityGlobals) = postSolution
		SolutionGuid = {9FE568BF-E1CE-4ADA-965F-EEF87A924E27}
	EndGlobalSection
EndGlobal
